# THIS IS AN AUTOGENERATED FILE. DO NOT EDIT THIS FILE DIRECTLY.
# yarn lockfile v1


"@babel/parser@^7.9.4":
  version "7.12.10"
  resolved "https://registry.npm.taobao.org/@babel/parser/download/@babel/parser-7.12.10.tgz?cache=0&sync_timestamp=1607569377971&other_urls=https%3A%2F%2Fregistry.npm.taobao.org%2F%40babel%2Fparser%2Fdownload%2F%40babel%2Fparser-7.12.10.tgz#824600d59e96aea26a5a2af5a9d812af05c3ae81"
  integrity sha1-gkYA1Z6WrqJqWir1qdgSrwXDroE=

argparse@^1.0.7:
  version "1.0.10"
  resolved "https://registry.npm.taobao.org/argparse/download/argparse-1.0.10.tgz#bcd6791ea5ae09725e17e5ad988134cd40b3d911"
  integrity sha1-vNZ5HqWuCXJeF+WtmIE0zUCz2RE=
  dependencies:
    sprintf-js "~1.0.2"

bluebird@^3.7.2:
  version "3.7.2"
  resolved "https://registry.npm.taobao.org/bluebird/download/bluebird-3.7.2.tgz?cache=0&sync_timestamp=1589682744631&other_urls=https%3A%2F%2Fregistry.npm.taobao.org%2Fbluebird%2Fdownload%2Fbluebird-3.7.2.tgz#9f229c15be272454ffa973ace0dbee79a1b0c36f"
  integrity sha1-nyKcFb4nJFT/qXOs4NvueaGww28=

catharsis@^0.8.11:
  version "0.8.11"
  resolved "https://registry.npm.taobao.org/catharsis/download/catharsis-0.8.11.tgz#d0eb3d2b82b7da7a3ce2efb1a7b00becc6643468"
  integrity sha1-0Os9K4K32no84u+xp7AL7MZkNGg=
  dependencies:
    lodash "^4.17.14"

docdash@^1.2.0:
  version "1.2.0"
  resolved "https://registry.npm.taobao.org/docdash/download/docdash-1.2.0.tgz#f99dde5b8a89aa4ed083a3150383e042d06c7f49"
  integrity sha1-+Z3eW4qJqk7Qg6MVA4PgQtBsf0k=

entities@~2.0.0:
  version "2.0.3"
  resolved "https://registry.npm.taobao.org/entities/download/entities-2.0.3.tgz?cache=0&sync_timestamp=1602897029273&other_urls=https%3A%2F%2Fregistry.npm.taobao.org%2Fentities%2Fdownload%2Fentities-2.0.3.tgz#5c487e5742ab93c15abb5da22759b8590ec03b7f"
  integrity sha1-XEh+V0Krk8Fau12iJ1m4WQ7AO38=

escape-string-regexp@^2.0.0:
  version "2.0.0"
  resolved "https://registry.npm.taobao.org/escape-string-regexp/download/escape-string-regexp-2.0.0.tgz?cache=0&other_urls=https%3A%2F%2Fregistry.npm.taobao.org%2Fescape-string-regexp%2Fdownload%2Fescape-string-regexp-2.0.0.tgz#a30304e99daa32e23b2fd20f51babd07cffca344"
  integrity sha1-owME6Z2qMuI7L9IPUbq9B8/8o0Q=

graceful-fs@^4.1.9:
  version "4.1.15"
  resolved "https://r.cnpmjs.org/graceful-fs/download/graceful-fs-4.1.15.tgz#ffb703e1066e8a0eeaa4c8b80ba9253eeefbfb00"
  integrity sha1-/7cD4QZuig7qpMi4C6klPu77+wA=

js2xmlparser@^4.0.1:
  version "4.0.1"
  resolved "https://registry.npm.taobao.org/js2xmlparser/download/js2xmlparser-4.0.1.tgz#670ef71bc5661f089cc90481b99a05a1227ae3bd"
  integrity sha1-Zw73G8VmHwicyQSBuZoFoSJ6470=
  dependencies:
    xmlcreate "^2.0.3"

jsdoc@^3.6.6:
  version "3.6.6"
  resolved "https://registry.npm.taobao.org/jsdoc/download/jsdoc-3.6.6.tgz#9fe162bbdb13ee7988bf74352b5147565bcfd8e1"
  integrity sha1-n+Fiu9sT7nmIv3Q1K1FHVlvP2OE=
  dependencies:
    "@babel/parser" "^7.9.4"
    bluebird "^3.7.2"
    catharsis "^0.8.11"
    escape-string-regexp "^2.0.0"
    js2xmlparser "^4.0.1"
    klaw "^3.0.0"
    markdown-it "^10.0.0"
    markdown-it-anchor "^5.2.7"
    marked "^0.8.2"
    mkdirp "^1.0.4"
    requizzle "^0.2.3"
    strip-json-comments "^3.1.0"
    taffydb "2.6.2"
    underscore "~1.10.2"

klaw@^3.0.0:
  version "3.0.0"
  resolved "https://registry.npm.taobao.org/klaw/download/klaw-3.0.0.tgz#b11bec9cf2492f06756d6e809ab73a2910259146"
  integrity sha1-sRvsnPJJLwZ1bW6Amrc6KRAlkUY=
  dependencies:
    graceful-fs "^4.1.9"

linkify-it@^2.0.0:
  version "2.2.0"
  resolved "https://registry.npm.taobao.org/linkify-it/download/linkify-it-2.2.0.tgz#e3b54697e78bf915c70a38acd78fd09e0058b1cf"
  integrity sha1-47VGl+eL+RXHCjis14/QngBYsc8=
  dependencies:
    uc.micro "^1.0.1"

lodash@^4.17.14:
  version "4.17.21"
  resolved "https://registry.yarnpkg.com/lodash/-/lodash-4.17.21.tgz#679591c564c3bffaae8454cf0b3df370c3d6911c"
  integrity sha512-v2kDEe57lecTulaDIuNTPy3Ry4gLGJ6Z1O3vE1krgXZNrsQ+LFTGHVxVjcXPs17LhbZVGedAJv8XZ1tvj5FvSg==

markdown-it-anchor@^5.2.7:
  version "5.3.0"
  resolved "https://registry.npm.taobao.org/markdown-it-anchor/download/markdown-it-anchor-5.3.0.tgz?cache=0&sync_timestamp=1605766636892&other_urls=https%3A%2F%2Fregistry.npm.taobao.org%2Fmarkdown-it-anchor%2Fdownload%2Fmarkdown-it-anchor-5.3.0.tgz#d549acd64856a8ecd1bea58365ef385effbac744"
  integrity sha1-1Ums1khWqOzRvqWDZe84Xv+6x0Q=

markdown-it@^10.0.0:
  version "10.0.0"
  resolved "https://registry.npm.taobao.org/markdown-it/download/markdown-it-10.0.0.tgz#abfc64f141b1722d663402044e43927f1f50a8dc"
  integrity sha1-q/xk8UGxci1mNAIETkOSfx9QqNw=
  dependencies:
    argparse "^1.0.7"
    entities "~2.0.0"
    linkify-it "^2.0.0"
    mdurl "^1.0.1"
    uc.micro "^1.0.5"

marked@^0.8.2:
  version "0.8.2"
  resolved "https://registry.npm.taobao.org/marked/download/marked-0.8.2.tgz?cache=0&sync_timestamp=1607633055333&other_urls=https%3A%2F%2Fregistry.npm.taobao.org%2Fmarked%2Fdownload%2Fmarked-0.8.2.tgz#4faad28d26ede351a7a1aaa5fec67915c869e355"
  integrity sha1-T6rSjSbt41Gnoaql/sZ5Fchp41U=

mdurl@^1.0.1:
  version "1.0.1"
  resolved "https://registry.npm.taobao.org/mdurl/download/mdurl-1.0.1.tgz#fe85b2ec75a59037f2adfec100fd6c601761152e"
  integrity sha1-/oWy7HWlkDfyrf7BAP1sYBdhFS4=

mkdirp@^1.0.4:
  version "1.0.4"
  resolved "https://registry.npm.taobao.org/mkdirp/download/mkdirp-1.0.4.tgz?cache=0&other_urls=https%3A%2F%2Fregistry.npm.taobao.org%2Fmkdirp%2Fdownload%2Fmkdirp-1.0.4.tgz#3eb5ed62622756d79a5f0e2a221dfebad75c2f7e"
  integrity sha1-PrXtYmInVteaXw4qIh3+utdcL34=

requizzle@^0.2.3:
  version "0.2.3"
  resolved "https://registry.npm.taobao.org/requizzle/download/requizzle-0.2.3.tgz#4675c90aacafb2c036bd39ba2daa4a1cb777fded"
  integrity sha1-RnXJCqyvssA2vTm6LapKHLd3/e0=
  dependencies:
    lodash "^4.17.14"

sprintf-js@~1.0.2:
  version "1.0.3"
  resolved "https://registry.npm.taobao.org/sprintf-js/download/sprintf-js-1.0.3.tgz#04e6926f662895354f3dd015203633b857297e2c"
  integrity sha1-BOaSb2YolTVPPdAVIDYzuFcpfiw=

strip-json-comments@^3.1.0:
  version "3.1.1"
  resolved "https://registry.npm.taobao.org/strip-json-comments/download/strip-json-comments-3.1.1.tgz#31f1281b3832630434831c310c01cccda8cbe006"
  integrity sha1-MfEoGzgyYwQ0gxwxDAHMzajL4AY=

taffydb@2.6.2:
  version "2.6.2"
  resolved "https://r.cnpmjs.org/taffydb/download/taffydb-2.6.2.tgz#7cbcb64b5a141b6a2efc2c5d2c67b4e150b2a268"
  integrity sha1-fLy2S1oUG2ou/CxdLGe04VCyomg=

uc.micro@^1.0.1, uc.micro@^1.0.5:
  version "1.0.6"
  resolved "https://registry.npm.taobao.org/uc.micro/download/uc.micro-1.0.6.tgz#9c411a802a409a91fc6cf74081baba34b24499ac"
  integrity sha1-nEEagCpAmpH8bPdAgbq6NLJEmaw=

underscore@~1.10.2:
  version "1.10.2"
  resolved "https://registry.npm.taobao.org/underscore/download/underscore-1.10.2.tgz?cache=0&sync_timestamp=1606179462980&other_urls=https%3A%2F%2Fregistry.npm.taobao.org%2Funderscore%2Fdownload%2Funderscore-1.10.2.tgz#73d6aa3668f3188e4adb0f1943bd12cfd7efaaaf"
  integrity sha1-c9aqNmjzGI5K2w8ZQ70Sz9fvqq8=

xmlcreate@^2.0.3:
  version "2.0.3"
  resolved "https://registry.npm.taobao.org/xmlcreate/download/xmlcreate-2.0.3.tgz#df9ecd518fd3890ab3548e1b811d040614993497"
  integrity sha1-357NUY/TiQqzVI4bgR0EBhSZNJc=
