# THIS IS AN AUTOGENERATED FILE. DO NOT EDIT THIS FILE DIRECTLY.
# yarn lockfile v1


babylon@7.0.0-beta.19:
  version "7.0.0-beta.19"
  resolved "http://r.cnpmjs.org/babylon/download/babylon-7.0.0-beta.19.tgz#e928c7e807e970e0536b078ab3e0c48f9e052503"
  integrity sha1-6SjH6AfpcOBTaweKs+DEj54FJQM=

bluebird@~3.5.0:
  version "3.5.3"
  resolved "http://r.cnpmjs.org/bluebird/download/bluebird-3.5.3.tgz#7d01c6f9616c9a51ab0f8c549a79dfe6ec33efa7"
  integrity sha1-fQHG+WFsmlGrD4xUmnnf5uwz76c=

catharsis@~0.8.9:
  version "0.8.9"
  resolved "http://r.cnpmjs.org/catharsis/download/catharsis-0.8.9.tgz#98cc890ca652dd2ef0e70b37925310ff9e90fc8b"
  integrity sha1-mMyJDKZS3S7w5ws3klMQ/56Q/Is=
  dependencies:
    underscore-contrib "~0.3.0"

docdash@^1.0.2:
  version "1.0.3"
  resolved "http://r.cnpmjs.org/docdash/download/docdash-1.0.3.tgz#1ca4d37940275f05f926c1326cde36d88b9f3fbc"
  integrity sha1-HKTTeUAnXwX5JsEybN422IufP7w=

escape-string-regexp@~1.0.5:
  version "1.0.5"
  resolved "http://r.cnpmjs.org/escape-string-regexp/download/escape-string-regexp-1.0.5.tgz#1b61c0562190a8dff6ae3bb2cf0200ca130b86d4"
  integrity sha1-G2HAViGQqN/2rjuyzwIAyhMLhtQ=

graceful-fs@^4.1.9:
  version "4.1.15"
  resolved "http://r.cnpmjs.org/graceful-fs/download/graceful-fs-4.1.15.tgz#ffb703e1066e8a0eeaa4c8b80ba9253eeefbfb00"
  integrity sha1-/7cD4QZuig7qpMi4C6klPu77+wA=

js2xmlparser@~3.0.0:
  version "3.0.0"
  resolved "http://r.cnpmjs.org/js2xmlparser/download/js2xmlparser-3.0.0.tgz#3fb60eaa089c5440f9319f51760ccd07e2499733"
  integrity sha1-P7YOqgicVED5MZ9RdgzNB+JJlzM=
  dependencies:
    xmlcreate "^1.0.1"

jsdoc@^3.5.5:
  version "3.5.5"
  resolved "http://r.cnpmjs.org/jsdoc/download/jsdoc-3.5.5.tgz#484521b126e81904d632ff83ec9aaa096708fa4d"
  integrity sha1-SEUhsSboGQTWMv+D7JqqCWcI+k0=
  dependencies:
    babylon "7.0.0-beta.19"
    bluebird "~3.5.0"
    catharsis "~0.8.9"
    escape-string-regexp "~1.0.5"
    js2xmlparser "~3.0.0"
    klaw "~2.0.0"
    marked "~0.3.6"
    mkdirp "~0.5.1"
    requizzle "~0.2.1"
    strip-json-comments "~2.0.1"
    taffydb "2.6.2"
    underscore "~1.8.3"

klaw@~2.0.0:
  version "2.0.0"
  resolved "http://r.cnpmjs.org/klaw/download/klaw-2.0.0.tgz#59c128e0dc5ce410201151194eeb9cbf858650f6"
  integrity sha1-WcEo4Nxc5BAgEVEZTuucv4WGUPY=
  dependencies:
    graceful-fs "^4.1.9"

marked@~0.3.6:
  version "0.3.19"
  resolved "http://r.cnpmjs.org/marked/download/marked-0.3.19.tgz#5d47f709c4c9fc3c216b6d46127280f40b39d790"
  integrity sha1-XUf3CcTJ/Dwha21GEnKA9As515A=

minimist@0.0.8:
  version "0.0.8"
  resolved "http://r.cnpmjs.org/minimist/download/minimist-0.0.8.tgz#857fcabfc3397d2625b8228262e86aa7a011b05d"
  integrity sha1-hX/Kv8M5fSYluCKCYuhqp6ARsF0=

mkdirp@~0.5.1:
  version "0.5.1"
  resolved "http://r.cnpmjs.org/mkdirp/download/mkdirp-0.5.1.tgz#30057438eac6cf7f8c4767f38648d6697d75c903"
  integrity sha1-MAV0OOrGz3+MR2fzhkjWaX11yQM=
  dependencies:
    minimist "0.0.8"

requizzle@~0.2.1:
  version "0.2.1"
  resolved "http://r.cnpmjs.org/requizzle/download/requizzle-0.2.1.tgz#6943c3530c4d9a7e46f1cddd51c158fc670cdbde"
  integrity sha1-aUPDUwxNmn5G8c3dUcFY/GcM294=
  dependencies:
    underscore "~1.6.0"

strip-json-comments@~2.0.1:
  version "2.0.1"
  resolved "http://r.cnpmjs.org/strip-json-comments/download/strip-json-comments-2.0.1.tgz#3c531942e908c2697c0ec344858c286c7ca0a60a"
  integrity sha1-PFMZQukIwml8DsNEhYwobHygpgo=

taffydb@2.6.2:
  version "2.6.2"
  resolved "http://r.cnpmjs.org/taffydb/download/taffydb-2.6.2.tgz#7cbcb64b5a141b6a2efc2c5d2c67b4e150b2a268"
  integrity sha1-fLy2S1oUG2ou/CxdLGe04VCyomg=

underscore-contrib@~0.3.0:
  version "0.3.0"
  resolved "http://r.cnpmjs.org/underscore-contrib/download/underscore-contrib-0.3.0.tgz#665b66c24783f8fa2b18c9f8cbb0e2c7d48c26c7"
  integrity sha1-ZltmwkeD+PorGMn4y7Dix9SMJsc=
  dependencies:
    underscore "1.6.0"

underscore@1.6.0, underscore@~1.6.0:
  version "1.6.0"
  resolved "http://r.cnpmjs.org/underscore/download/underscore-1.6.0.tgz#8b38b10cacdef63337b8b24e4ff86d45aea529a8"
  integrity sha1-izixDKze9jM3uLJOT/htRa6lKag=

underscore@~1.8.3:
  version "1.8.3"
  resolved "http://r.cnpmjs.org/underscore/download/underscore-1.8.3.tgz#4f3fb53b106e6097fcf9cb4109f2a5e9bdfa5022"
  integrity sha1-Tz+1OxBuYJf8+ctBCfKl6b36UCI=

xmlcreate@^1.0.1:
  version "1.0.2"
  resolved "http://r.cnpmjs.org/xmlcreate/download/xmlcreate-1.0.2.tgz#fa6bf762a60a413fb3dd8f4b03c5b269238d308f"
  integrity sha1-+mv3YqYKQT+z3Y9LA8WyaSONMI8=
